
Microsoft Visual Studio Solution File, Format Version 12.00
# Visual Studio Version 16
VisualStudioVersion = 16.0.29613.14
MinimumVisualStudioVersion = 10.0.40219.1
Project("{FAE04EC0-301F-11D3-BF4B-00C04F79EFBC}") = "Nho The Bai", "Nho The Bai\Nho The Bai.csproj", "{F8E19721-F105-416A-96D2-4B7EAA79A481}"
EndProject
Global
	GlobalSection(SolutionConfigurationPlatforms) = preSolution
		Debug|Any CPU = Debug|Any CPU
		Release|Any CPU = Release|Any CPU
	EndGlobalSection
	GlobalSection(ProjectConfigurationPlatforms) = postSolution
		{F8E19721-F105-416A-96D2-4B7EAA79A481}.Debug|Any CPU.ActiveCfg = Debug|Any CPU
		{F8E19721-F105-416A-96D2-4B7EAA79A481}.Debug|Any CPU.Build.0 = Debug|Any CPU
		{F8E19721-F105-416A-96D2-4B7EAA79A481}.Release|Any CPU.ActiveCfg = Release|Any CPU
		{F8E19721-F105-416A-96D2-4B7EAA79A481}.Release|Any CPU.Build.0 = Release|Any CPU
	EndGlobalSection
	GlobalSection(SolutionProperties) = preSolution
		HideSolutionNode = FALSE
	EndGlobalSection
	GlobalSection(ExtensibilityGlobals) = postSolution
		SolutionGuid = {98501594-5370-459B-B95D-9F9D6C47FF82}
	EndGlobalSection
EndGlobal
